
Microsoft Visual Studio Solution File, Format Version 12.00
# Visual Studio 14
VisualStudioVersion = 14.0.25420.1
MinimumVisualStudioVersion = 10.0.40219.1
Project("{FAE04EC0-301F-11D3-BF4B-00C04F79EFBC}") = "MindCorners.Droid", "MindCorners\MindCorners.Droid\MindCorners.Droid.csproj", "{4C0E79CB-A58F-4550-8521-A2F3B859C0D9}"
EndProject
Project("{FAE04EC0-301F-11D3-BF4B-00C04F79EFBC}") = "MindCorners.iOS", "MindCorners\MindCorners.iOS\MindCorners.iOS.csproj", "{AC076161-0B20-4CD0-BD56-D8A74E77FFC1}"
EndProject
Project("{FAE04EC0-301F-11D3-BF4B-00C04F79EFBC}") = "MindCorners", "MindCorners\MindCorners\MindCorners.csproj", "{DBBE9BE5-1B1F-4F63-91FE-6A455524AF90}"
EndProject
Project("{FAE04EC0-301F-11D3-BF4B-00C04F79EFBC}") = "MindCorners.Common", "MindCorners.Common\MindCorners.Common.csproj", "{96049AE1-2F7E-4334-B7B2-B727BACCE453}"
EndProject
Project("{FAE04EC0-301F-11D3-BF4B-00C04F79EFBC}") = "MindCorners.Authentication", "MindCorners.Authentication\MindCorners.Authentication.csproj", "{9ECD9F74-A0B6-4FA1-BA77-8C6989394B1A}"
EndProject
Project("{FAE04EC0-301F-11D3-BF4B-00C04F79EFBC}") = "MindCorners.Models", "MindCorners.Models\MindCorners.Models.csproj", "{67F9D3A8-F71E-4428-913F-C37AE82CDB24}"
EndProject
Project("{FAE04EC0-301F-11D3-BF4B-00C04F79EFBC}") = "MindCorners.Web", "MindCorners.Web\MindCorners.Web.csproj", "{54F5F5EC-9D4B-4C1E-A5F8-1EED394C26D5}"
EndProject
Project("{FAE04EC0-301F-11D3-BF4B-00C04F79EFBC}") = "MindCorners.RestfullService", "MindCorners.RestfullService\MindCorners.RestfullService.csproj", "{D5CB58D4-F483-4C14-9613-BBDDACC8C684}"
EndProject
Global
	GlobalSection(SolutionConfigurationPlatforms) = preSolution
		Ad-Hoc|Any CPU = Ad-Hoc|Any CPU
		Ad-Hoc|ARM = Ad-Hoc|ARM
		Ad-Hoc|iPhone = Ad-Hoc|iPhone
		Ad-Hoc|iPhoneSimulator = Ad-Hoc|iPhoneSimulator
		Ad-Hoc|x64 = Ad-Hoc|x64
		Ad-Hoc|x86 = Ad-Hoc|x86
		AppStore|Any CPU = AppStore|Any CPU
		AppStore|ARM = AppStore|ARM
		AppStore|iPhone = AppStore|iPhone
		AppStore|iPhoneSimulator = AppStore|iPhoneSimulator
		AppStore|x64 = AppStore|x64
		AppStore|x86 = AppStore|x86
		Debug|Any CPU = Debug|Any CPU
		Debug|ARM = Debug|ARM
		Debug|iPhone = Debug|iPhone
		Debug|iPhoneSimulator = Debug|iPhoneSimulator
		Debug|x64 = Debug|x64
		Debug|x86 = Debug|x86
		Release|Any CPU = Release|Any CPU
		Release|ARM = Release|ARM
		Release|iPhone = Release|iPhone
		Release|iPhoneSimulator = Release|iPhoneSimulator
		Release|x64 = Release|x64
		Release|x86 = Release|x86
	EndGlobalSection
	GlobalSection(ProjectConfigurationPlatforms) = postSolution
		{4C0E79CB-A58F-4550-8521-A2F3B859C0D9}.Ad-Hoc|Any CPU.ActiveCfg = Release|Any CPU
		{4C0E79CB-A58F-4550-8521-A2F3B859C0D9}.Ad-Hoc|Any CPU.Build.0 = Release|Any CPU
		{4C0E79CB-A58F-4550-8521-A2F3B859C0D9}.Ad-Hoc|Any CPU.Deploy.0 = Release|Any CPU
		{4C0E79CB-A58F-4550-8521-A2F3B859C0D9}.Ad-Hoc|ARM.ActiveCfg = Release|Any CPU
		{4C0E79CB-A58F-4550-8521-A2F3B859C0D9}.Ad-Hoc|ARM.Build.0 = Release|Any CPU
		{4C0E79CB-A58F-4550-8521-A2F3B859C0D9}.Ad-Hoc|ARM.Deploy.0 = Release|Any CPU
		{4C0E79CB-A58F-4550-8521-A2F3B859C0D9}.Ad-Hoc|iPhone.ActiveCfg = Release|Any CPU
		{4C0E79CB-A58F-4550-8521-A2F3B859C0D9}.Ad-Hoc|iPhone.Build.0 = Release|Any CPU
		{4C0E79CB-A58F-4550-8521-A2F3B859C0D9}.Ad-Hoc|iPhone.Deploy.0 = Release|Any CPU
		{4C0E79CB-A58F-4550-8521-A2F3B859C0D9}.Ad-Hoc|iPhoneSimulator.ActiveCfg = Release|Any CPU
		{4C0E79CB-A58F-4550-8521-A2F3B859C0D9}.Ad-Hoc|iPhoneSimulator.Build.0 = Release|Any CPU
		{4C0E79CB-A58F-4550-8521-A2F3B859C0D9}.Ad-Hoc|iPhoneSimulator.Deploy.0 = Release|Any CPU
		{4C0E79CB-A58F-4550-8521-A2F3B859C0D9}.Ad-Hoc|x64.ActiveCfg = Release|Any CPU
		{4C0E79CB-A58F-4550-8521-A2F3B859C0D9}.Ad-Hoc|x64.Build.0 = Release|Any CPU
		{4C0E79CB-A58F-4550-8521-A2F3B859C0D9}.Ad-Hoc|x64.Deploy.0 = Release|Any CPU
		{4C0E79CB-A58F-4550-8521-A2F3B859C0D9}.Ad-Hoc|x86.ActiveCfg = Release|Any CPU
		{4C0E79CB-A58F-4550-8521-A2F3B859C0D9}.Ad-Hoc|x86.Build.0 = Release|Any CPU
		{4C0E79CB-A58F-4550-8521-A2F3B859C0D9}.Ad-Hoc|x86.Deploy.0 = Release|Any CPU
		{4C0E79CB-A58F-4550-8521-A2F3B859C0D9}.AppStore|Any CPU.ActiveCfg = Release|Any CPU
		{4C0E79CB-A58F-4550-8521-A2F3B859C0D9}.AppStore|Any CPU.Build.0 = Release|Any CPU
		{4C0E79CB-A58F-4550-8521-A2F3B859C0D9}.AppStore|Any CPU.Deploy.0 = Release|Any CPU
		{4C0E79CB-A58F-4550-8521-A2F3B859C0D9}.AppStore|ARM.ActiveCfg = Release|Any CPU
		{4C0E79CB-A58F-4550-8521-A2F3B859C0D9}.AppStore|ARM.Build.0 = Release|Any CPU
		{4C0E79CB-A58F-4550-8521-A2F3B859C0D9}.AppStore|ARM.Deploy.0 = Release|Any CPU
		{4C0E79CB-A58F-4550-8521-A2F3B859C0D9}.AppStore|iPhone.ActiveCfg = Release|Any CPU
		{4C0E79CB-A58F-4550-8521-A2F3B859C0D9}.AppStore|iPhone.Build.0 = Release|Any CPU
		{4C0E79CB-A58F-4550-8521-A2F3B859C0D9}.AppStore|iPhone.Deploy.0 = Release|Any CPU
		{4C0E79CB-A58F-4550-8521-A2F3B859C0D9}.AppStore|iPhoneSimulator.ActiveCfg = Release|Any CPU
		{4C0E79CB-A58F-4550-8521-A2F3B859C0D9}.AppStore|iPhoneSimulator.Build.0 = Release|Any CPU
		{4C0E79CB-A58F-4550-8521-A2F3B859C0D9}.AppStore|iPhoneSimulator.Deploy.0 = Release|Any CPU
		{4C0E79CB-A58F-4550-8521-A2F3B859C0D9}.AppStore|x64.ActiveCfg = Release|Any CPU
		{4C0E79CB-A58F-4550-8521-A2F3B859C0D9}.AppStore|x64.Build.0 = Release|Any CPU
		{4C0E79CB-A58F-4550-8521-A2F3B859C0D9}.AppStore|x64.Deploy.0 = Release|Any CPU
		{4C0E79CB-A58F-4550-8521-A2F3B859C0D9}.AppStore|x86.ActiveCfg = Release|Any CPU
		{4C0E79CB-A58F-4550-8521-A2F3B859C0D9}.AppStore|x86.Build.0 = Release|Any CPU
		{4C0E79CB-A58F-4550-8521-A2F3B859C0D9}.AppStore|x86.Deploy.0 = Release|Any CPU
		{4C0E79CB-A58F-4550-8521-A2F3B859C0D9}.Debug|Any CPU.ActiveCfg = Debug|Any CPU
		{4C0E79CB-A58F-4550-8521-A2F3B859C0D9}.Debug|Any CPU.Build.0 = Debug|Any CPU
		{4C0E79CB-A58F-4550-8521-A2F3B859C0D9}.Debug|Any CPU.Deploy.0 = Debug|Any CPU
		{4C0E79CB-A58F-4550-8521-A2F3B859C0D9}.Debug|ARM.ActiveCfg = Debug|Any CPU
		{4C0E79CB-A58F-4550-8521-A2F3B859C0D9}.Debug|ARM.Build.0 = Debug|Any CPU
		{4C0E79CB-A58F-4550-8521-A2F3B859C0D9}.Debug|ARM.Deploy.0 = Debug|Any CPU
		{4C0E79CB-A58F-4550-8521-A2F3B859C0D9}.Debug|iPhone.ActiveCfg = Debug|Any CPU
		{4C0E79CB-A58F-4550-8521-A2F3B859C0D9}.Debug|iPhone.Build.0 = Debug|Any CPU
		{4C0E79CB-A58F-4550-8521-A2F3B859C0D9}.Debug|iPhone.Deploy.0 = Debug|Any CPU
		{4C0E79CB-A58F-4550-8521-A2F3B859C0D9}.Debug|iPhoneSimulator.ActiveCfg = Debug|Any CPU
		{4C0E79CB-A58F-4550-8521-A2F3B859C0D9}.Debug|iPhoneSimulator.Build.0 = Debug|Any CPU
		{4C0E79CB-A58F-4550-8521-A2F3B859C0D9}.Debug|iPhoneSimulator.Deploy.0 = Debug|Any CPU
		{4C0E79CB-A58F-4550-8521-A2F3B859C0D9}.Debug|x64.ActiveCfg = Debug|Any CPU
		{4C0E79CB-A58F-4550-8521-A2F3B859C0D9}.Debug|x64.Build.0 = Debug|Any CPU
		{4C0E79CB-A58F-4550-8521-A2F3B859C0D9}.Debug|x64.Deploy.0 = Debug|Any CPU
		{4C0E79CB-A58F-4550-8521-A2F3B859C0D9}.Debug|x86.ActiveCfg = Debug|Any CPU
		{4C0E79CB-A58F-4550-8521-A2F3B859C0D9}.Debug|x86.Build.0 = Debug|Any CPU
		{4C0E79CB-A58F-4550-8521-A2F3B859C0D9}.Debug|x86.Deploy.0 = Debug|Any CPU
		{4C0E79CB-A58F-4550-8521-A2F3B859C0D9}.Release|Any CPU.ActiveCfg = Release|Any CPU
		{4C0E79CB-A58F-4550-8521-A2F3B859C0D9}.Release|Any CPU.Build.0 = Release|Any CPU
		{4C0E79CB-A58F-4550-8521-A2F3B859C0D9}.Release|Any CPU.Deploy.0 = Release|Any CPU
		{4C0E79CB-A58F-4550-8521-A2F3B859C0D9}.Release|ARM.ActiveCfg = Release|Any CPU
		{4C0E79CB-A58F-4550-8521-A2F3B859C0D9}.Release|ARM.Build.0 = Release|Any CPU
		{4C0E79CB-A58F-4550-8521-A2F3B859C0D9}.Release|ARM.Deploy.0 = Release|Any CPU
		{4C0E79CB-A58F-4550-8521-A2F3B859C0D9}.Release|iPhone.ActiveCfg = Release|Any CPU
		{4C0E79CB-A58F-4550-8521-A2F3B859C0D9}.Release|iPhone.Build.0 = Release|Any CPU
		{4C0E79CB-A58F-4550-8521-A2F3B859C0D9}.Release|iPhone.Deploy.0 = Release|Any CPU
		{4C0E79CB-A58F-4550-8521-A2F3B859C0D9}.Release|iPhoneSimulator.ActiveCfg = Release|Any CPU
		{4C0E79CB-A58F-4550-8521-A2F3B859C0D9}.Release|iPhoneSimulator.Build.0 = Release|Any CPU
		{4C0E79CB-A58F-4550-8521-A2F3B859C0D9}.Release|iPhoneSimulator.Deploy.0 = Release|Any CPU
		{4C0E79CB-A58F-4550-8521-A2F3B859C0D9}.Release|x64.ActiveCfg = Release|Any CPU
		{4C0E79CB-A58F-4550-8521-A2F3B859C0D9}.Release|x64.Build.0 = Release|Any CPU
		{4C0E79CB-A58F-4550-8521-A2F3B859C0D9}.Release|x64.Deploy.0 = Release|Any CPU
		{4C0E79CB-A58F-4550-8521-A2F3B859C0D9}.Release|x86.ActiveCfg = Release|Any CPU
		{4C0E79CB-A58F-4550-8521-A2F3B859C0D9}.Release|x86.Build.0 = Release|Any CPU
		{4C0E79CB-A58F-4550-8521-A2F3B859C0D9}.Release|x86.Deploy.0 = Release|Any CPU
		{AC076161-0B20-4CD0-BD56-D8A74E77FFC1}.Ad-Hoc|Any CPU.ActiveCfg = Ad-Hoc|iPhone
		{AC076161-0B20-4CD0-BD56-D8A74E77FFC1}.Ad-Hoc|ARM.ActiveCfg = Ad-Hoc|iPhone
		{AC076161-0B20-4CD0-BD56-D8A74E77FFC1}.Ad-Hoc|iPhone.ActiveCfg = Ad-Hoc|iPhone
		{AC076161-0B20-4CD0-BD56-D8A74E77FFC1}.Ad-Hoc|iPhone.Build.0 = Ad-Hoc|iPhone
		{AC076161-0B20-4CD0-BD56-D8A74E77FFC1}.Ad-Hoc|iPhoneSimulator.ActiveCfg = Ad-Hoc|iPhoneSimulator
		{AC076161-0B20-4CD0-BD56-D8A74E77FFC1}.Ad-Hoc|iPhoneSimulator.Build.0 = Ad-Hoc|iPhoneSimulator
		{AC076161-0B20-4CD0-BD56-D8A74E77FFC1}.Ad-Hoc|x64.ActiveCfg = Ad-Hoc|iPhone
		{AC076161-0B20-4CD0-BD56-D8A74E77FFC1}.Ad-Hoc|x86.ActiveCfg = Ad-Hoc|iPhone
		{AC076161-0B20-4CD0-BD56-D8A74E77FFC1}.AppStore|Any CPU.ActiveCfg = AppStore|iPhone
		{AC076161-0B20-4CD0-BD56-D8A74E77FFC1}.AppStore|ARM.ActiveCfg = AppStore|iPhone
		{AC076161-0B20-4CD0-BD56-D8A74E77FFC1}.AppStore|iPhone.ActiveCfg = AppStore|iPhone
		{AC076161-0B20-4CD0-BD56-D8A74E77FFC1}.AppStore|iPhone.Build.0 = AppStore|iPhone
		{AC076161-0B20-4CD0-BD56-D8A74E77FFC1}.AppStore|iPhoneSimulator.ActiveCfg = AppStore|iPhoneSimulator
		{AC076161-0B20-4CD0-BD56-D8A74E77FFC1}.AppStore|iPhoneSimulator.Build.0 = AppStore|iPhoneSimulator
		{AC076161-0B20-4CD0-BD56-D8A74E77FFC1}.AppStore|x64.ActiveCfg = AppStore|iPhone
		{AC076161-0B20-4CD0-BD56-D8A74E77FFC1}.AppStore|x86.ActiveCfg = AppStore|iPhone
		{AC076161-0B20-4CD0-BD56-D8A74E77FFC1}.Debug|Any CPU.ActiveCfg = Debug|iPhone
		{AC076161-0B20-4CD0-BD56-D8A74E77FFC1}.Debug|ARM.ActiveCfg = Debug|iPhone
		{AC076161-0B20-4CD0-BD56-D8A74E77FFC1}.Debug|iPhone.ActiveCfg = Debug|iPhone
		{AC076161-0B20-4CD0-BD56-D8A74E77FFC1}.Debug|iPhone.Build.0 = Debug|iPhone
		{AC076161-0B20-4CD0-BD56-D8A74E77FFC1}.Debug|iPhoneSimulator.ActiveCfg = Debug|iPhoneSimulator
		{AC076161-0B20-4CD0-BD56-D8A74E77FFC1}.Debug|iPhoneSimulator.Build.0 = Debug|iPhoneSimulator
		{AC076161-0B20-4CD0-BD56-D8A74E77FFC1}.Debug|x64.ActiveCfg = Debug|iPhone
		{AC076161-0B20-4CD0-BD56-D8A74E77FFC1}.Debug|x86.ActiveCfg = Debug|iPhone
		{AC076161-0B20-4CD0-BD56-D8A74E77FFC1}.Release|Any CPU.ActiveCfg = Release|iPhone
		{AC076161-0B20-4CD0-BD56-D8A74E77FFC1}.Release|ARM.ActiveCfg = Release|iPhone
		{AC076161-0B20-4CD0-BD56-D8A74E77FFC1}.Release|iPhone.ActiveCfg = Release|iPhone
		{AC076161-0B20-4CD0-BD56-D8A74E77FFC1}.Release|iPhone.Build.0 = Release|iPhone
		{AC076161-0B20-4CD0-BD56-D8A74E77FFC1}.Release|iPhoneSimulator.ActiveCfg = Release|iPhoneSimulator
		{AC076161-0B20-4CD0-BD56-D8A74E77FFC1}.Release|iPhoneSimulator.Build.0 = Release|iPhoneSimulator
		{AC076161-0B20-4CD0-BD56-D8A74E77FFC1}.Release|x64.ActiveCfg = Release|iPhone
		{AC076161-0B20-4CD0-BD56-D8A74E77FFC1}.Release|x86.ActiveCfg = Release|iPhone
		{DBBE9BE5-1B1F-4F63-91FE-6A455524AF90}.Ad-Hoc|Any CPU.ActiveCfg = Release|Any CPU
		{DBBE9BE5-1B1F-4F63-91FE-6A455524AF90}.Ad-Hoc|Any CPU.Build.0 = Release|Any CPU
		{DBBE9BE5-1B1F-4F63-91FE-6A455524AF90}.Ad-Hoc|ARM.ActiveCfg = Release|Any CPU
		{DBBE9BE5-1B1F-4F63-91FE-6A455524AF90}.Ad-Hoc|ARM.Build.0 = Release|Any CPU
		{DBBE9BE5-1B1F-4F63-91FE-6A455524AF90}.Ad-Hoc|iPhone.ActiveCfg = Release|Any CPU
		{DBBE9BE5-1B1F-4F63-91FE-6A455524AF90}.Ad-Hoc|iPhone.Build.0 = Release|Any CPU
		{DBBE9BE5-1B1F-4F63-91FE-6A455524AF90}.Ad-Hoc|iPhoneSimulator.ActiveCfg = Release|Any CPU
		{DBBE9BE5-1B1F-4F63-91FE-6A455524AF90}.Ad-Hoc|iPhoneSimulator.Build.0 = Release|Any CPU
		{DBBE9BE5-1B1F-4F63-91FE-6A455524AF90}.Ad-Hoc|x64.ActiveCfg = Release|Any CPU
		{DBBE9BE5-1B1F-4F63-91FE-6A455524AF90}.Ad-Hoc|x64.Build.0 = Release|Any CPU
		{DBBE9BE5-1B1F-4F63-91FE-6A455524AF90}.Ad-Hoc|x86.ActiveCfg = Release|Any CPU
		{DBBE9BE5-1B1F-4F63-91FE-6A455524AF90}.Ad-Hoc|x86.Build.0 = Release|Any CPU
		{DBBE9BE5-1B1F-4F63-91FE-6A455524AF90}.AppStore|Any CPU.ActiveCfg = Release|Any CPU
		{DBBE9BE5-1B1F-4F63-91FE-6A455524AF90}.AppStore|Any CPU.Build.0 = Release|Any CPU
		{DBBE9BE5-1B1F-4F63-91FE-6A455524AF90}.AppStore|ARM.ActiveCfg = Release|Any CPU
		{DBBE9BE5-1B1F-4F63-91FE-6A455524AF90}.AppStore|ARM.Build.0 = Release|Any CPU
		{DBBE9BE5-1B1F-4F63-91FE-6A455524AF90}.AppStore|iPhone.ActiveCfg = Release|Any CPU
		{DBBE9BE5-1B1F-4F63-91FE-6A455524AF90}.AppStore|iPhone.Build.0 = Release|Any CPU
		{DBBE9BE5-1B1F-4F63-91FE-6A455524AF90}.AppStore|iPhoneSimulator.ActiveCfg = Release|Any CPU
		{DBBE9BE5-1B1F-4F63-91FE-6A455524AF90}.AppStore|iPhoneSimulator.Build.0 = Release|Any CPU
		{DBBE9BE5-1B1F-4F63-91FE-6A455524AF90}.AppStore|x64.ActiveCfg = Release|Any CPU
		{DBBE9BE5-1B1F-4F63-91FE-6A455524AF90}.AppStore|x64.Build.0 = Release|Any CPU
		{DBBE9BE5-1B1F-4F63-91FE-6A455524AF90}.AppStore|x86.ActiveCfg = Release|Any CPU
		{DBBE9BE5-1B1F-4F63-91FE-6A455524AF90}.AppStore|x86.Build.0 = Release|Any CPU
		{DBBE9BE5-1B1F-4F63-91FE-6A455524AF90}.Debug|Any CPU.ActiveCfg = Debug|Any CPU
		{DBBE9BE5-1B1F-4F63-91FE-6A455524AF90}.Debug|Any CPU.Build.0 = Debug|Any CPU
		{DBBE9BE5-1B1F-4F63-91FE-6A455524AF90}.Debug|ARM.ActiveCfg = Debug|Any CPU
		{DBBE9BE5-1B1F-4F63-91FE-6A455524AF90}.Debug|ARM.Build.0 = Debug|Any CPU
		{DBBE9BE5-1B1F-4F63-91FE-6A455524AF90}.Debug|iPhone.ActiveCfg = Debug|Any CPU
		{DBBE9BE5-1B1F-4F63-91FE-6A455524AF90}.Debug|iPhone.Build.0 = Debug|Any CPU
		{DBBE9BE5-1B1F-4F63-91FE-6A455524AF90}.Debug|iPhoneSimulator.ActiveCfg = Debug|Any CPU
		{DBBE9BE5-1B1F-4F63-91FE-6A455524AF90}.Debug|iPhoneSimulator.Build.0 = Debug|Any CPU
		{DBBE9BE5-1B1F-4F63-91FE-6A455524AF90}.Debug|x64.ActiveCfg = Debug|Any CPU
		{DBBE9BE5-1B1F-4F63-91FE-6A455524AF90}.Debug|x64.Build.0 = Debug|Any CPU
		{DBBE9BE5-1B1F-4F63-91FE-6A455524AF90}.Debug|x86.ActiveCfg = Debug|Any CPU
		{DBBE9BE5-1B1F-4F63-91FE-6A455524AF90}.Debug|x86.Build.0 = Debug|Any CPU
		{DBBE9BE5-1B1F-4F63-91FE-6A455524AF90}.Release|Any CPU.ActiveCfg = Release|Any CPU
		{DBBE9BE5-1B1F-4F63-91FE-6A455524AF90}.Release|Any CPU.Build.0 = Release|Any CPU
		{DBBE9BE5-1B1F-4F63-91FE-6A455524AF90}.Release|ARM.ActiveCfg = Release|Any CPU
		{DBBE9BE5-1B1F-4F63-91FE-6A455524AF90}.Release|ARM.Build.0 = Release|Any CPU
		{DBBE9BE5-1B1F-4F63-91FE-6A455524AF90}.Release|iPhone.ActiveCfg = Release|Any CPU
		{DBBE9BE5-1B1F-4F63-91FE-6A455524AF90}.Release|iPhone.Build.0 = Release|Any CPU
		{DBBE9BE5-1B1F-4F63-91FE-6A455524AF90}.Release|iPhoneSimulator.ActiveCfg = Release|Any CPU
		{DBBE9BE5-1B1F-4F63-91FE-6A455524AF90}.Release|iPhoneSimulator.Build.0 = Release|Any CPU
		{DBBE9BE5-1B1F-4F63-91FE-6A455524AF90}.Release|x64.ActiveCfg = Release|Any CPU
		{DBBE9BE5-1B1F-4F63-91FE-6A455524AF90}.Release|x64.Build.0 = Release|Any CPU
		{DBBE9BE5-1B1F-4F63-91FE-6A455524AF90}.Release|x86.ActiveCfg = Release|Any CPU
		{DBBE9BE5-1B1F-4F63-91FE-6A455524AF90}.Release|x86.Build.0 = Release|Any CPU
		{96049AE1-2F7E-4334-B7B2-B727BACCE453}.Ad-Hoc|Any CPU.ActiveCfg = Release|Any CPU
		{96049AE1-2F7E-4334-B7B2-B727BACCE453}.Ad-Hoc|Any CPU.Build.0 = Release|Any CPU
		{96049AE1-2F7E-4334-B7B2-B727BACCE453}.Ad-Hoc|ARM.ActiveCfg = Release|Any CPU
		{96049AE1-2F7E-4334-B7B2-B727BACCE453}.Ad-Hoc|ARM.Build.0 = Release|Any CPU
		{96049AE1-2F7E-4334-B7B2-B727BACCE453}.Ad-Hoc|iPhone.ActiveCfg = Release|Any CPU
		{96049AE1-2F7E-4334-B7B2-B727BACCE453}.Ad-Hoc|iPhone.Build.0 = Release|Any CPU
		{96049AE1-2F7E-4334-B7B2-B727BACCE453}.Ad-Hoc|iPhoneSimulator.ActiveCfg = Release|Any CPU
		{96049AE1-2F7E-4334-B7B2-B727BACCE453}.Ad-Hoc|iPhoneSimulator.Build.0 = Release|Any CPU
		{96049AE1-2F7E-4334-B7B2-B727BACCE453}.Ad-Hoc|x64.ActiveCfg = Release|Any CPU
		{96049AE1-2F7E-4334-B7B2-B727BACCE453}.Ad-Hoc|x64.Build.0 = Release|Any CPU
		{96049AE1-2F7E-4334-B7B2-B727BACCE453}.Ad-Hoc|x86.ActiveCfg = Release|Any CPU
		{96049AE1-2F7E-4334-B7B2-B727BACCE453}.Ad-Hoc|x86.Build.0 = Release|Any CPU
		{96049AE1-2F7E-4334-B7B2-B727BACCE453}.AppStore|Any CPU.ActiveCfg = Release|Any CPU
		{96049AE1-2F7E-4334-B7B2-B727BACCE453}.AppStore|Any CPU.Build.0 = Release|Any CPU
		{96049AE1-2F7E-4334-B7B2-B727BACCE453}.AppStore|ARM.ActiveCfg = Release|Any CPU
		{96049AE1-2F7E-4334-B7B2-B727BACCE453}.AppStore|ARM.Build.0 = Release|Any CPU
		{96049AE1-2F7E-4334-B7B2-B727BACCE453}.AppStore|iPhone.ActiveCfg = Release|Any CPU
		{96049AE1-2F7E-4334-B7B2-B727BACCE453}.AppStore|iPhone.Build.0 = Release|Any CPU
		{96049AE1-2F7E-4334-B7B2-B727BACCE453}.AppStore|iPhoneSimulator.ActiveCfg = Release|Any CPU
		{96049AE1-2F7E-4334-B7B2-B727BACCE453}.AppStore|iPhoneSimulator.Build.0 = Release|Any CPU
		{96049AE1-2F7E-4334-B7B2-B727BACCE453}.AppStore|x64.ActiveCfg = Release|Any CPU
		{96049AE1-2F7E-4334-B7B2-B727BACCE453}.AppStore|x64.Build.0 = Release|Any CPU
		{96049AE1-2F7E-4334-B7B2-B727BACCE453}.AppStore|x86.ActiveCfg = Release|Any CPU
		{96049AE1-2F7E-4334-B7B2-B727BACCE453}.AppStore|x86.Build.0 = Release|Any CPU
		{96049AE1-2F7E-4334-B7B2-B727BACCE453}.Debug|Any CPU.ActiveCfg = Debug|Any CPU
		{96049AE1-2F7E-4334-B7B2-B727BACCE453}.Debug|Any CPU.Build.0 = Debug|Any CPU
		{96049AE1-2F7E-4334-B7B2-B727BACCE453}.Debug|ARM.ActiveCfg = Debug|Any CPU
		{96049AE1-2F7E-4334-B7B2-B727BACCE453}.Debug|ARM.Build.0 = Debug|Any CPU
		{96049AE1-2F7E-4334-B7B2-B727BACCE453}.Debug|iPhone.ActiveCfg = Debug|Any CPU
		{96049AE1-2F7E-4334-B7B2-B727BACCE453}.Debug|iPhone.Build.0 = Debug|Any CPU
		{96049AE1-2F7E-4334-B7B2-B727BACCE453}.Debug|iPhoneSimulator.ActiveCfg = Debug|Any CPU
		{96049AE1-2F7E-4334-B7B2-B727BACCE453}.Debug|iPhoneSimulator.Build.0 = Debug|Any CPU
		{96049AE1-2F7E-4334-B7B2-B727BACCE453}.Debug|x64.ActiveCfg = Debug|Any CPU
		{96049AE1-2F7E-4334-B7B2-B727BACCE453}.Debug|x64.Build.0 = Debug|Any CPU
		{96049AE1-2F7E-4334-B7B2-B727BACCE453}.Debug|x86.ActiveCfg = Debug|Any CPU
		{96049AE1-2F7E-4334-B7B2-B727BACCE453}.Debug|x86.Build.0 = Debug|Any CPU
		{96049AE1-2F7E-4334-B7B2-B727BACCE453}.Release|Any CPU.ActiveCfg = Release|Any CPU
		{96049AE1-2F7E-4334-B7B2-B727BACCE453}.Release|Any CPU.Build.0 = Release|Any CPU
		{96049AE1-2F7E-4334-B7B2-B727BACCE453}.Release|ARM.ActiveCfg = Release|Any CPU
		{96049AE1-2F7E-4334-B7B2-B727BACCE453}.Release|ARM.Build.0 = Release|Any CPU
		{96049AE1-2F7E-4334-B7B2-B727BACCE453}.Release|iPhone.ActiveCfg = Release|Any CPU
		{96049AE1-2F7E-4334-B7B2-B727BACCE453}.Release|iPhone.Build.0 = Release|Any CPU
		{96049AE1-2F7E-4334-B7B2-B727BACCE453}.Release|iPhoneSimulator.ActiveCfg = Release|Any CPU
		{96049AE1-2F7E-4334-B7B2-B727BACCE453}.Release|iPhoneSimulator.Build.0 = Release|Any CPU
		{96049AE1-2F7E-4334-B7B2-B727BACCE453}.Release|x64.ActiveCfg = Release|Any CPU
		{96049AE1-2F7E-4334-B7B2-B727BACCE453}.Release|x64.Build.0 = Release|Any CPU
		{96049AE1-2F7E-4334-B7B2-B727BACCE453}.Release|x86.ActiveCfg = Release|Any CPU
		{96049AE1-2F7E-4334-B7B2-B727BACCE453}.Release|x86.Build.0 = Release|Any CPU
		{9ECD9F74-A0B6-4FA1-BA77-8C6989394B1A}.Ad-Hoc|Any CPU.ActiveCfg = Release|Any CPU
		{9ECD9F74-A0B6-4FA1-BA77-8C6989394B1A}.Ad-Hoc|Any CPU.Build.0 = Release|Any CPU
		{9ECD9F74-A0B6-4FA1-BA77-8C6989394B1A}.Ad-Hoc|ARM.ActiveCfg = Release|Any CPU
		{9ECD9F74-A0B6-4FA1-BA77-8C6989394B1A}.Ad-Hoc|ARM.Build.0 = Release|Any CPU
		{9ECD9F74-A0B6-4FA1-BA77-8C6989394B1A}.Ad-Hoc|iPhone.ActiveCfg = Release|Any CPU
		{9ECD9F74-A0B6-4FA1-BA77-8C6989394B1A}.Ad-Hoc|iPhone.Build.0 = Release|Any CPU
		{9ECD9F74-A0B6-4FA1-BA77-8C6989394B1A}.Ad-Hoc|iPhoneSimulator.ActiveCfg = Release|Any CPU
		{9ECD9F74-A0B6-4FA1-BA77-8C6989394B1A}.Ad-Hoc|iPhoneSimulator.Build.0 = Release|Any CPU
		{9ECD9F74-A0B6-4FA1-BA77-8C6989394B1A}.Ad-Hoc|x64.ActiveCfg = Release|Any CPU
		{9ECD9F74-A0B6-4FA1-BA77-8C6989394B1A}.Ad-Hoc|x64.Build.0 = Release|Any CPU
		{9ECD9F74-A0B6-4FA1-BA77-8C6989394B1A}.Ad-Hoc|x86.ActiveCfg = Release|Any CPU
		{9ECD9F74-A0B6-4FA1-BA77-8C6989394B1A}.Ad-Hoc|x86.Build.0 = Release|Any CPU
		{9ECD9F74-A0B6-4FA1-BA77-8C6989394B1A}.AppStore|Any CPU.ActiveCfg = Release|Any CPU
		{9ECD9F74-A0B6-4FA1-BA77-8C6989394B1A}.AppStore|Any CPU.Build.0 = Release|Any CPU
		{9ECD9F74-A0B6-4FA1-BA77-8C6989394B1A}.AppStore|ARM.ActiveCfg = Release|Any CPU
		{9ECD9F74-A0B6-4FA1-BA77-8C6989394B1A}.AppStore|ARM.Build.0 = Release|Any CPU
		{9ECD9F74-A0B6-4FA1-BA77-8C6989394B1A}.AppStore|iPhone.ActiveCfg = Release|Any CPU
		{9ECD9F74-A0B6-4FA1-BA77-8C6989394B1A}.AppStore|iPhone.Build.0 = Release|Any CPU
		{9ECD9F74-A0B6-4FA1-BA77-8C6989394B1A}.AppStore|iPhoneSimulator.ActiveCfg = Release|Any CPU
		{9ECD9F74-A0B6-4FA1-BA77-8C6989394B1A}.AppStore|iPhoneSimulator.Build.0 = Release|Any CPU
		{9ECD9F74-A0B6-4FA1-BA77-8C6989394B1A}.AppStore|x64.ActiveCfg = Release|Any CPU
		{9ECD9F74-A0B6-4FA1-BA77-8C6989394B1A}.AppStore|x64.Build.0 = Release|Any CPU
		{9ECD9F74-A0B6-4FA1-BA77-8C6989394B1A}.AppStore|x86.ActiveCfg = Release|Any CPU
		{9ECD9F74-A0B6-4FA1-BA77-8C6989394B1A}.AppStore|x86.Build.0 = Release|Any CPU
		{9ECD9F74-A0B6-4FA1-BA77-8C6989394B1A}.Debug|Any CPU.ActiveCfg = Debug|Any CPU
		{9ECD9F74-A0B6-4FA1-BA77-8C6989394B1A}.Debug|Any CPU.Build.0 = Debug|Any CPU
		{9ECD9F74-A0B6-4FA1-BA77-8C6989394B1A}.Debug|ARM.ActiveCfg = Debug|Any CPU
		{9ECD9F74-A0B6-4FA1-BA77-8C6989394B1A}.Debug|ARM.Build.0 = Debug|Any CPU
		{9ECD9F74-A0B6-4FA1-BA77-8C6989394B1A}.Debug|iPhone.ActiveCfg = Debug|Any CPU
		{9ECD9F74-A0B6-4FA1-BA77-8C6989394B1A}.Debug|iPhone.Build.0 = Debug|Any CPU
		{9ECD9F74-A0B6-4FA1-BA77-8C6989394B1A}.Debug|iPhoneSimulator.ActiveCfg = Debug|Any CPU
		{9ECD9F74-A0B6-4FA1-BA77-8C6989394B1A}.Debug|iPhoneSimulator.Build.0 = Debug|Any CPU
		{9ECD9F74-A0B6-4FA1-BA77-8C6989394B1A}.Debug|x64.ActiveCfg = Debug|Any CPU
		{9ECD9F74-A0B6-4FA1-BA77-8C6989394B1A}.Debug|x64.Build.0 = Debug|Any CPU
		{9ECD9F74-A0B6-4FA1-BA77-8C6989394B1A}.Debug|x86.ActiveCfg = Debug|Any CPU
		{9ECD9F74-A0B6-4FA1-BA77-8C6989394B1A}.Debug|x86.Build.0 = Debug|Any CPU
		{9ECD9F74-A0B6-4FA1-BA77-8C6989394B1A}.Release|Any CPU.ActiveCfg = Release|Any CPU
		{9ECD9F74-A0B6-4FA1-BA77-8C6989394B1A}.Release|Any CPU.Build.0 = Release|Any CPU
		{9ECD9F74-A0B6-4FA1-BA77-8C6989394B1A}.Release|ARM.ActiveCfg = Release|Any CPU
		{9ECD9F74-A0B6-4FA1-BA77-8C6989394B1A}.Release|ARM.Build.0 = Release|Any CPU
		{9ECD9F74-A0B6-4FA1-BA77-8C6989394B1A}.Release|iPhone.ActiveCfg = Release|Any CPU
		{9ECD9F74-A0B6-4FA1-BA77-8C6989394B1A}.Release|iPhone.Build.0 = Release|Any CPU
		{9ECD9F74-A0B6-4FA1-BA77-8C6989394B1A}.Release|iPhoneSimulator.ActiveCfg = Release|Any CPU
		{9ECD9F74-A0B6-4FA1-BA77-8C6989394B1A}.Release|iPhoneSimulator.Build.0 = Release|Any CPU
		{9ECD9F74-A0B6-4FA1-BA77-8C6989394B1A}.Release|x64.ActiveCfg = Release|Any CPU
		{9ECD9F74-A0B6-4FA1-BA77-8C6989394B1A}.Release|x64.Build.0 = Release|Any CPU
		{9ECD9F74-A0B6-4FA1-BA77-8C6989394B1A}.Release|x86.ActiveCfg = Release|Any CPU
		{9ECD9F74-A0B6-4FA1-BA77-8C6989394B1A}.Release|x86.Build.0 = Release|Any CPU
		{67F9D3A8-F71E-4428-913F-C37AE82CDB24}.Ad-Hoc|Any CPU.ActiveCfg = Release|Any CPU
		{67F9D3A8-F71E-4428-913F-C37AE82CDB24}.Ad-Hoc|Any CPU.Build.0 = Release|Any CPU
		{67F9D3A8-F71E-4428-913F-C37AE82CDB24}.Ad-Hoc|ARM.ActiveCfg = Release|Any CPU
		{67F9D3A8-F71E-4428-913F-C37AE82CDB24}.Ad-Hoc|ARM.Build.0 = Release|Any CPU
		{67F9D3A8-F71E-4428-913F-C37AE82CDB24}.Ad-Hoc|iPhone.ActiveCfg = Release|Any CPU
		{67F9D3A8-F71E-4428-913F-C37AE82CDB24}.Ad-Hoc|iPhone.Build.0 = Release|Any CPU
		{67F9D3A8-F71E-4428-913F-C37AE82CDB24}.Ad-Hoc|iPhoneSimulator.ActiveCfg = Release|Any CPU
		{67F9D3A8-F71E-4428-913F-C37AE82CDB24}.Ad-Hoc|iPhoneSimulator.Build.0 = Release|Any CPU
		{67F9D3A8-F71E-4428-913F-C37AE82CDB24}.Ad-Hoc|x64.ActiveCfg = Release|Any CPU
		{67F9D3A8-F71E-4428-913F-C37AE82CDB24}.Ad-Hoc|x64.Build.0 = Release|Any CPU
		{67F9D3A8-F71E-4428-913F-C37AE82CDB24}.Ad-Hoc|x86.ActiveCfg = Release|Any CPU
		{67F9D3A8-F71E-4428-913F-C37AE82CDB24}.Ad-Hoc|x86.Build.0 = Release|Any CPU
		{67F9D3A8-F71E-4428-913F-C37AE82CDB24}.AppStore|Any CPU.ActiveCfg = Release|Any CPU
		{67F9D3A8-F71E-4428-913F-C37AE82CDB24}.AppStore|Any CPU.Build.0 = Release|Any CPU
		{67F9D3A8-F71E-4428-913F-C37AE82CDB24}.AppStore|ARM.ActiveCfg = Release|Any CPU
		{67F9D3A8-F71E-4428-913F-C37AE82CDB24}.AppStore|ARM.Build.0 = Release|Any CPU
		{67F9D3A8-F71E-4428-913F-C37AE82CDB24}.AppStore|iPhone.ActiveCfg = Release|Any CPU
		{67F9D3A8-F71E-4428-913F-C37AE82CDB24}.AppStore|iPhone.Build.0 = Release|Any CPU
		{67F9D3A8-F71E-4428-913F-C37AE82CDB24}.AppStore|iPhoneSimulator.ActiveCfg = Release|Any CPU
		{67F9D3A8-F71E-4428-913F-C37AE82CDB24}.AppStore|iPhoneSimulator.Build.0 = Release|Any CPU
		{67F9D3A8-F71E-4428-913F-C37AE82CDB24}.AppStore|x64.ActiveCfg = Release|Any CPU
		{67F9D3A8-F71E-4428-913F-C37AE82CDB24}.AppStore|x64.Build.0 = Release|Any CPU
		{67F9D3A8-F71E-4428-913F-C37AE82CDB24}.AppStore|x86.ActiveCfg = Release|Any CPU
		{67F9D3A8-F71E-4428-913F-C37AE82CDB24}.AppStore|x86.Build.0 = Release|Any CPU
		{67F9D3A8-F71E-4428-913F-C37AE82CDB24}.Debug|Any CPU.ActiveCfg = Debug|Any CPU
		{67F9D3A8-F71E-4428-913F-C37AE82CDB24}.Debug|Any CPU.Build.0 = Debug|Any CPU
		{67F9D3A8-F71E-4428-913F-C37AE82CDB24}.Debug|ARM.ActiveCfg = Debug|Any CPU
		{67F9D3A8-F71E-4428-913F-C37AE82CDB24}.Debug|ARM.Build.0 = Debug|Any CPU
		{67F9D3A8-F71E-4428-913F-C37AE82CDB24}.Debug|iPhone.ActiveCfg = Debug|Any CPU
		{67F9D3A8-F71E-4428-913F-C37AE82CDB24}.Debug|iPhone.Build.0 = Debug|Any CPU
		{67F9D3A8-F71E-4428-913F-C37AE82CDB24}.Debug|iPhoneSimulator.ActiveCfg = Debug|Any CPU
		{67F9D3A8-F71E-4428-913F-C37AE82CDB24}.Debug|iPhoneSimulator.Build.0 = Debug|Any CPU
		{67F9D3A8-F71E-4428-913F-C37AE82CDB24}.Debug|x64.ActiveCfg = Debug|Any CPU
		{67F9D3A8-F71E-4428-913F-C37AE82CDB24}.Debug|x64.Build.0 = Debug|Any CPU
		{67F9D3A8-F71E-4428-913F-C37AE82CDB24}.Debug|x86.ActiveCfg = Debug|Any CPU
		{67F9D3A8-F71E-4428-913F-C37AE82CDB24}.Debug|x86.Build.0 = Debug|Any CPU
		{67F9D3A8-F71E-4428-913F-C37AE82CDB24}.Release|Any CPU.ActiveCfg = Release|Any CPU
		{67F9D3A8-F71E-4428-913F-C37AE82CDB24}.Release|Any CPU.Build.0 = Release|Any CPU
		{67F9D3A8-F71E-4428-913F-C37AE82CDB24}.Release|ARM.ActiveCfg = Release|Any CPU
		{67F9D3A8-F71E-4428-913F-C37AE82CDB24}.Release|ARM.Build.0 = Release|Any CPU
		{67F9D3A8-F71E-4428-913F-C37AE82CDB24}.Release|iPhone.ActiveCfg = Release|Any CPU
		{67F9D3A8-F71E-4428-913F-C37AE82CDB24}.Release|iPhone.Build.0 = Release|Any CPU
		{67F9D3A8-F71E-4428-913F-C37AE82CDB24}.Release|iPhoneSimulator.ActiveCfg = Release|Any CPU
		{67F9D3A8-F71E-4428-913F-C37AE82CDB24}.Release|iPhoneSimulator.Build.0 = Release|Any CPU
		{67F9D3A8-F71E-4428-913F-C37AE82CDB24}.Release|x64.ActiveCfg = Release|Any CPU
		{67F9D3A8-F71E-4428-913F-C37AE82CDB24}.Release|x64.Build.0 = Release|Any CPU
		{67F9D3A8-F71E-4428-913F-C37AE82CDB24}.Release|x86.ActiveCfg = Release|Any CPU
		{67F9D3A8-F71E-4428-913F-C37AE82CDB24}.Release|x86.Build.0 = Release|Any CPU
		{54F5F5EC-9D4B-4C1E-A5F8-1EED394C26D5}.Ad-Hoc|Any CPU.ActiveCfg = Release|Any CPU
		{54F5F5EC-9D4B-4C1E-A5F8-1EED394C26D5}.Ad-Hoc|Any CPU.Build.0 = Release|Any CPU
		{54F5F5EC-9D4B-4C1E-A5F8-1EED394C26D5}.Ad-Hoc|ARM.ActiveCfg = Release|Any CPU
		{54F5F5EC-9D4B-4C1E-A5F8-1EED394C26D5}.Ad-Hoc|ARM.Build.0 = Release|Any CPU
		{54F5F5EC-9D4B-4C1E-A5F8-1EED394C26D5}.Ad-Hoc|iPhone.ActiveCfg = Release|Any CPU
		{54F5F5EC-9D4B-4C1E-A5F8-1EED394C26D5}.Ad-Hoc|iPhone.Build.0 = Release|Any CPU
		{54F5F5EC-9D4B-4C1E-A5F8-1EED394C26D5}.Ad-Hoc|iPhoneSimulator.ActiveCfg = Release|Any CPU
		{54F5F5EC-9D4B-4C1E-A5F8-1EED394C26D5}.Ad-Hoc|iPhoneSimulator.Build.0 = Release|Any CPU
		{54F5F5EC-9D4B-4C1E-A5F8-1EED394C26D5}.Ad-Hoc|x64.ActiveCfg = Release|Any CPU
		{54F5F5EC-9D4B-4C1E-A5F8-1EED394C26D5}.Ad-Hoc|x64.Build.0 = Release|Any CPU
		{54F5F5EC-9D4B-4C1E-A5F8-1EED394C26D5}.Ad-Hoc|x86.ActiveCfg = Release|Any CPU
		{54F5F5EC-9D4B-4C1E-A5F8-1EED394C26D5}.Ad-Hoc|x86.Build.0 = Release|Any CPU
		{54F5F5EC-9D4B-4C1E-A5F8-1EED394C26D5}.AppStore|Any CPU.ActiveCfg = Release|Any CPU
		{54F5F5EC-9D4B-4C1E-A5F8-1EED394C26D5}.AppStore|Any CPU.Build.0 = Release|Any CPU
		{54F5F5EC-9D4B-4C1E-A5F8-1EED394C26D5}.AppStore|ARM.ActiveCfg = Release|Any CPU
		{54F5F5EC-9D4B-4C1E-A5F8-1EED394C26D5}.AppStore|ARM.Build.0 = Release|Any CPU
		{54F5F5EC-9D4B-4C1E-A5F8-1EED394C26D5}.AppStore|iPhone.ActiveCfg = Release|Any CPU
		{54F5F5EC-9D4B-4C1E-A5F8-1EED394C26D5}.AppStore|iPhone.Build.0 = Release|Any CPU
		{54F5F5EC-9D4B-4C1E-A5F8-1EED394C26D5}.AppStore|iPhoneSimulator.ActiveCfg = Release|Any CPU
		{54F5F5EC-9D4B-4C1E-A5F8-1EED394C26D5}.AppStore|iPhoneSimulator.Build.0 = Release|Any CPU
		{54F5F5EC-9D4B-4C1E-A5F8-1EED394C26D5}.AppStore|x64.ActiveCfg = Release|Any CPU
		{54F5F5EC-9D4B-4C1E-A5F8-1EED394C26D5}.AppStore|x64.Build.0 = Release|Any CPU
		{54F5F5EC-9D4B-4C1E-A5F8-1EED394C26D5}.AppStore|x86.ActiveCfg = Release|Any CPU
		{54F5F5EC-9D4B-4C1E-A5F8-1EED394C26D5}.AppStore|x86.Build.0 = Release|Any CPU
		{54F5F5EC-9D4B-4C1E-A5F8-1EED394C26D5}.Debug|Any CPU.ActiveCfg = Debug|Any CPU
		{54F5F5EC-9D4B-4C1E-A5F8-1EED394C26D5}.Debug|Any CPU.Build.0 = Debug|Any CPU
		{54F5F5EC-9D4B-4C1E-A5F8-1EED394C26D5}.Debug|ARM.ActiveCfg = Debug|Any CPU
		{54F5F5EC-9D4B-4C1E-A5F8-1EED394C26D5}.Debug|ARM.Build.0 = Debug|Any CPU
		{54F5F5EC-9D4B-4C1E-A5F8-1EED394C26D5}.Debug|iPhone.ActiveCfg = Debug|Any CPU
		{54F5F5EC-9D4B-4C1E-A5F8-1EED394C26D5}.Debug|iPhone.Build.0 = Debug|Any CPU
		{54F5F5EC-9D4B-4C1E-A5F8-1EED394C26D5}.Debug|iPhoneSimulator.ActiveCfg = Debug|Any CPU
		{54F5F5EC-9D4B-4C1E-A5F8-1EED394C26D5}.Debug|iPhoneSimulator.Build.0 = Debug|Any CPU
		{54F5F5EC-9D4B-4C1E-A5F8-1EED394C26D5}.Debug|x64.ActiveCfg = Debug|Any CPU
		{54F5F5EC-9D4B-4C1E-A5F8-1EED394C26D5}.Debug|x64.Build.0 = Debug|Any CPU
		{54F5F5EC-9D4B-4C1E-A5F8-1EED394C26D5}.Debug|x86.ActiveCfg = Debug|Any CPU
		{54F5F5EC-9D4B-4C1E-A5F8-1EED394C26D5}.Debug|x86.Build.0 = Debug|Any CPU
		{54F5F5EC-9D4B-4C1E-A5F8-1EED394C26D5}.Release|Any CPU.ActiveCfg = Release|Any CPU
		{54F5F5EC-9D4B-4C1E-A5F8-1EED394C26D5}.Release|Any CPU.Build.0 = Release|Any CPU
		{54F5F5EC-9D4B-4C1E-A5F8-1EED394C26D5}.Release|ARM.ActiveCfg = Release|Any CPU
		{54F5F5EC-9D4B-4C1E-A5F8-1EED394C26D5}.Release|ARM.Build.0 = Release|Any CPU
		{54F5F5EC-9D4B-4C1E-A5F8-1EED394C26D5}.Release|iPhone.ActiveCfg = Release|Any CPU
		{54F5F5EC-9D4B-4C1E-A5F8-1EED394C26D5}.Release|iPhone.Build.0 = Release|Any CPU
		{54F5F5EC-9D4B-4C1E-A5F8-1EED394C26D5}.Release|iPhoneSimulator.ActiveCfg = Release|Any CPU
		{54F5F5EC-9D4B-4C1E-A5F8-1EED394C26D5}.Release|iPhoneSimulator.Build.0 = Release|Any CPU
		{54F5F5EC-9D4B-4C1E-A5F8-1EED394C26D5}.Release|x64.ActiveCfg = Release|Any CPU
		{54F5F5EC-9D4B-4C1E-A5F8-1EED394C26D5}.Release|x64.Build.0 = Release|Any CPU
		{54F5F5EC-9D4B-4C1E-A5F8-1EED394C26D5}.Release|x86.ActiveCfg = Release|Any CPU
		{54F5F5EC-9D4B-4C1E-A5F8-1EED394C26D5}.Release|x86.Build.0 = Release|Any CPU
		{D5CB58D4-F483-4C14-9613-BBDDACC8C684}.Ad-Hoc|Any CPU.ActiveCfg = Release|Any CPU
		{D5CB58D4-F483-4C14-9613-BBDDACC8C684}.Ad-Hoc|Any CPU.Build.0 = Release|Any CPU
		{D5CB58D4-F483-4C14-9613-BBDDACC8C684}.Ad-Hoc|ARM.ActiveCfg = Release|Any CPU
		{D5CB58D4-F483-4C14-9613-BBDDACC8C684}.Ad-Hoc|ARM.Build.0 = Release|Any CPU
		{D5CB58D4-F483-4C14-9613-BBDDACC8C684}.Ad-Hoc|iPhone.ActiveCfg = Release|Any CPU
		{D5CB58D4-F483-4C14-9613-BBDDACC8C684}.Ad-Hoc|iPhone.Build.0 = Release|Any CPU
		{D5CB58D4-F483-4C14-9613-BBDDACC8C684}.Ad-Hoc|iPhoneSimulator.ActiveCfg = Release|Any CPU
		{D5CB58D4-F483-4C14-9613-BBDDACC8C684}.Ad-Hoc|iPhoneSimulator.Build.0 = Release|Any CPU
		{D5CB58D4-F483-4C14-9613-BBDDACC8C684}.Ad-Hoc|x64.ActiveCfg = Release|Any CPU
		{D5CB58D4-F483-4C14-9613-BBDDACC8C684}.Ad-Hoc|x64.Build.0 = Release|Any CPU
		{D5CB58D4-F483-4C14-9613-BBDDACC8C684}.Ad-Hoc|x86.ActiveCfg = Release|Any CPU
		{D5CB58D4-F483-4C14-9613-BBDDACC8C684}.Ad-Hoc|x86.Build.0 = Release|Any CPU
		{D5CB58D4-F483-4C14-9613-BBDDACC8C684}.AppStore|Any CPU.ActiveCfg = Release|Any CPU
		{D5CB58D4-F483-4C14-9613-BBDDACC8C684}.AppStore|Any CPU.Build.0 = Release|Any CPU
		{D5CB58D4-F483-4C14-9613-BBDDACC8C684}.AppStore|ARM.ActiveCfg = Release|Any CPU
		{D5CB58D4-F483-4C14-9613-BBDDACC8C684}.AppStore|ARM.Build.0 = Release|Any CPU
		{D5CB58D4-F483-4C14-9613-BBDDACC8C684}.AppStore|iPhone.ActiveCfg = Release|Any CPU
		{D5CB58D4-F483-4C14-9613-BBDDACC8C684}.AppStore|iPhone.Build.0 = Release|Any CPU
		{D5CB58D4-F483-4C14-9613-BBDDACC8C684}.AppStore|iPhoneSimulator.ActiveCfg = Release|Any CPU
		{D5CB58D4-F483-4C14-9613-BBDDACC8C684}.AppStore|iPhoneSimulator.Build.0 = Release|Any CPU
		{D5CB58D4-F483-4C14-9613-BBDDACC8C684}.AppStore|x64.ActiveCfg = Release|Any CPU
		{D5CB58D4-F483-4C14-9613-BBDDACC8C684}.AppStore|x64.Build.0 = Release|Any CPU
		{D5CB58D4-F483-4C14-9613-BBDDACC8C684}.AppStore|x86.ActiveCfg = Release|Any CPU
		{D5CB58D4-F483-4C14-9613-BBDDACC8C684}.AppStore|x86.Build.0 = Release|Any CPU
		{D5CB58D4-F483-4C14-9613-BBDDACC8C684}.Debug|Any CPU.ActiveCfg = Debug|Any CPU
		{D5CB58D4-F483-4C14-9613-BBDDACC8C684}.Debug|Any CPU.Build.0 = Debug|Any CPU
		{D5CB58D4-F483-4C14-9613-BBDDACC8C684}.Debug|ARM.ActiveCfg = Debug|Any CPU
		{D5CB58D4-F483-4C14-9613-BBDDACC8C684}.Debug|ARM.Build.0 = Debug|Any CPU
		{D5CB58D4-F483-4C14-9613-BBDDACC8C684}.Debug|iPhone.ActiveCfg = Debug|Any CPU
		{D5CB58D4-F483-4C14-9613-BBDDACC8C684}.Debug|iPhone.Build.0 = Debug|Any CPU
		{D5CB58D4-F483-4C14-9613-BBDDACC8C684}.Debug|iPhoneSimulator.ActiveCfg = Debug|Any CPU
		{D5CB58D4-F483-4C14-9613-BBDDACC8C684}.Debug|iPhoneSimulator.Build.0 = Debug|Any CPU
		{D5CB58D4-F483-4C14-9613-BBDDACC8C684}.Debug|x64.ActiveCfg = Debug|Any CPU
		{D5CB58D4-F483-4C14-9613-BBDDACC8C684}.Debug|x64.Build.0 = Debug|Any CPU
		{D5CB58D4-F483-4C14-9613-BBDDACC8C684}.Debug|x86.ActiveCfg = Debug|Any CPU
		{D5CB58D4-F483-4C14-9613-BBDDACC8C684}.Debug|x86.Build.0 = Debug|Any CPU
		{D5CB58D4-F483-4C14-9613-BBDDACC8C684}.Release|Any CPU.ActiveCfg = Release|Any CPU
		{D5CB58D4-F483-4C14-9613-BBDDACC8C684}.Release|Any CPU.Build.0 = Release|Any CPU
		{D5CB58D4-F483-4C14-9613-BBDDACC8C684}.Release|ARM.ActiveCfg = Release|Any CPU
		{D5CB58D4-F483-4C14-9613-BBDDACC8C684}.Release|ARM.Build.0 = Release|Any CPU
		{D5CB58D4-F483-4C14-9613-BBDDACC8C684}.Release|iPhone.ActiveCfg = Release|Any CPU
		{D5CB58D4-F483-4C14-9613-BBDDACC8C684}.Release|iPhone.Build.0 = Release|Any CPU
		{D5CB58D4-F483-4C14-9613-BBDDACC8C684}.Release|iPhoneSimulator.ActiveCfg = Release|Any CPU
		{D5CB58D4-F483-4C14-9613-BBDDACC8C684}.Release|iPhoneSimulator.Build.0 = Release|Any CPU
		{D5CB58D4-F483-4C14-9613-BBDDACC8C684}.Release|x64.ActiveCfg = Release|Any CPU
		{D5CB58D4-F483-4C14-9613-BBDDACC8C684}.Release|x64.Build.0 = Release|Any CPU
		{D5CB58D4-F483-4C14-9613-BBDDACC8C684}.Release|x86.ActiveCfg = Release|Any CPU
		{D5CB58D4-F483-4C14-9613-BBDDACC8C684}.Release|x86.Build.0 = Release|Any CPU
	EndGlobalSection
	GlobalSection(SolutionProperties) = preSolution
		HideSolutionNode = FALSE
	EndGlobalSection
	GlobalSection(ExtensibilityGlobals) = postSolution
		EnterpriseLibraryConfigurationToolBinariesPath = packages\TransientFaultHandling.Core.5.1.1209.1\lib\NET4
	EndGlobalSection
EndGlobal
